
Microsoft Visual Studio Solution File, Format Version 12.00
# Visual Studio 2013
VisualStudioVersion = 12.0.31101.0
MinimumVisualStudioVersion = 10.0.40219.1
Project("{FAE04EC0-301F-11D3-BF4B-00C04F79EFBC}") = "TheoryOfMassService", "TheoryOfMassService\TheoryOfMassService.csproj", "{30BE7F10-F4FA-42E1-8A50-D33D168588E0}"
EndProject
Project("{FAE04EC0-301F-11D3-BF4B-00C04F79EFBC}") = "Poisson_sStreams", "Poisson_sStreams\Poisson_sStreams.csproj", "{1D846144-F7B2-4971-969B-C566EBA11890}"
EndProject
Global
	GlobalSection(SolutionConfigurationPlatforms) = preSolution
		Debug|Any CPU = Debug|Any CPU
		Release|Any CPU = Release|Any CPU
	EndGlobalSection
	GlobalSection(ProjectConfigurationPlatforms) = postSolution
		{30BE7F10-F4FA-42E1-8A50-D33D168588E0}.Debug|Any CPU.ActiveCfg = Debug|Any CPU
		{30BE7F10-F4FA-42E1-8A50-D33D168588E0}.Debug|Any CPU.Build.0 = Debug|Any CPU
		{30BE7F10-F4FA-42E1-8A50-D33D168588E0}.Release|Any CPU.ActiveCfg = Release|Any CPU
		{30BE7F10-F4FA-42E1-8A50-D33D168588E0}.Release|Any CPU.Build.0 = Release|Any CPU
		{1D846144-F7B2-4971-969B-C566EBA11890}.Debug|Any CPU.ActiveCfg = Debug|Any CPU
		{1D846144-F7B2-4971-969B-C566EBA11890}.Debug|Any CPU.Build.0 = Debug|Any CPU
		{1D846144-F7B2-4971-969B-C566EBA11890}.Release|Any CPU.ActiveCfg = Release|Any CPU
		{1D846144-F7B2-4971-969B-C566EBA11890}.Release|Any CPU.Build.0 = Release|Any CPU
	EndGlobalSection
	GlobalSection(SolutionProperties) = preSolution
		HideSolutionNode = FALSE
	EndGlobalSection
EndGlobal
